// !$*UTF8*$!
{
	archiveVersion = 1;
	classes = {
	};
	objectVersion = 56;
	objects = {

/* Begin PBXBuildFile section */
		AFE651632BE0CC22008A5DC4 /* ShopBundle.m in Sources */ = {isa = PBXBuildFile; fileRef = AFE651592BE0CC22008A5DC4 /* ShopBundle.m */; };
		AFE651642BE0CC22008A5DC4 /* ShopModule.m in Sources */ = {isa = PBXBuildFile; fileRef = AFE6515A2BE0CC22008A5DC4 /* ShopModule.m */; };
		AFE651652BE0CC22008A5DC4 /* ShopDetailViewController.m in Sources */ = {isa = PBXBuildFile; fileRef = AFE6515F2BE0CC22008A5DC4 /* ShopDetailViewController.m */; };
		AFE651662BE0CC22008A5DC4 /* ShopManager.m in Sources */ = {isa = PBXBuildFile; fileRef = AFE651622BE0CC22008A5DC4 /* ShopManager.m */; };
/* End PBXBuildFile section */

/* Begin PBXCopyFilesBuildPhase section */
		AFE6513E2BE0CBA5008A5DC4 /* CopyFiles */ = {
			isa = PBXCopyFilesBuildPhase;
			buildActionMask = 2147483647;
			dstPath = "include/$(PRODUCT_NAME)";
			dstSubfolderSpec = 16;
			files = (
			);
			runOnlyForDeploymentPostprocessing = 0;
		};
/* End PBXCopyFilesBuildPhase section */

/* Begin PBXFileReference section */
		AFE651402BE0CBA5008A5DC4 /* libShop.a */ = {isa = PBXFileReference; explicitFileType = archive.ar; includeInIndex = 0; path = libShop.a; sourceTree = BUILT_PRODUCTS_DIR; };
		AFE651542BE0CC22008A5DC4 /* image.xcassets */ = {isa = PBXFileReference; lastKnownFileType = folder.assetcatalog; path = image.xcassets; sourceTree = "<group>"; };
		AFE651552BE0CC22008A5DC4 /* Info.plist */ = {isa = PBXFileReference; fileEncoding = 4; lastKnownFileType = text.plist.xml; path = Info.plist; sourceTree = "<group>"; };
		AFE651582BE0CC22008A5DC4 /* ShopModule.h */ = {isa = PBXFileReference; fileEncoding = 4; lastKnownFileType = sourcecode.c.h; path = ShopModule.h; sourceTree = "<group>"; };
		AFE651592BE0CC22008A5DC4 /* ShopBundle.m */ = {isa = PBXFileReference; fileEncoding = 4; lastKnownFileType = sourcecode.c.objc; path = ShopBundle.m; sourceTree = "<group>"; };
		AFE6515A2BE0CC22008A5DC4 /* ShopModule.m */ = {isa = PBXFileReference; fileEncoding = 4; lastKnownFileType = sourcecode.c.objc; path = ShopModule.m; sourceTree = "<group>"; };
		AFE6515B2BE0CC22008A5DC4 /* ShopBundle.h */ = {isa = PBXFileReference; fileEncoding = 4; lastKnownFileType = sourcecode.c.h; path = ShopBundle.h; sourceTree = "<group>"; };
		AFE6515E2BE0CC22008A5DC4 /* ShopDetailViewController.h */ = {isa = PBXFileReference; fileEncoding = 4; lastKnownFileType = sourcecode.c.h; path = ShopDetailViewController.h; sourceTree = "<group>"; };
		AFE6515F2BE0CC22008A5DC4 /* ShopDetailViewController.m */ = {isa = PBXFileReference; fileEncoding = 4; lastKnownFileType = sourcecode.c.objc; path = ShopDetailViewController.m; sourceTree = "<group>"; };
		AFE651612BE0CC22008A5DC4 /* ShopManager.h */ = {isa = PBXFileReference; fileEncoding = 4; lastKnownFileType = sourcecode.c.h; path = ShopManager.h; sourceTree = "<group>"; };
		AFE651622BE0CC22008A5DC4 /* ShopManager.m */ = {isa = PBXFileReference; fileEncoding = 4; lastKnownFileType = sourcecode.c.objc; path = ShopManager.m; sourceTree = "<group>"; };
/* End PBXFileReference section */

/* Begin PBXFrameworksBuildPhase section */
		AFE6513D2BE0CBA5008A5DC4 /* Frameworks */ = {
			isa = PBXFrameworksBuildPhase;
			buildActionMask = 2147483647;
			files = (
			);
			runOnlyForDeploymentPostprocessing = 0;
		};
/* End PBXFrameworksBuildPhase section */

/* Begin PBXGroup section */
		AFE651372BE0CBA5008A5DC4 = {
			isa = PBXGroup;
			children = (
				AFE651562BE0CC22008A5DC4 /* Shop */,
				AFE651522BE0CC22008A5DC4 /* ShopBundle */,
				AFE651412BE0CBA5008A5DC4 /* Products */,
			);
			sourceTree = "<group>";
		};
		AFE651412BE0CBA5008A5DC4 /* Products */ = {
			isa = PBXGroup;
			children = (
				AFE651402BE0CBA5008A5DC4 /* libShop.a */,
			);
			name = Products;
			sourceTree = "<group>";
		};
		AFE651522BE0CC22008A5DC4 /* ShopBundle */ = {
			isa = PBXGroup;
			children = (
				AFE651532BE0CC22008A5DC4 /* Resource */,
				AFE651552BE0CC22008A5DC4 /* Info.plist */,
			);
			path = ShopBundle;
			sourceTree = "<group>";
		};
		AFE651532BE0CC22008A5DC4 /* Resource */ = {
			isa = PBXGroup;
			children = (
				AFE651542BE0CC22008A5DC4 /* image.xcassets */,
			);
			path = Resource;
			sourceTree = "<group>";
		};
		AFE651562BE0CC22008A5DC4 /* Shop */ = {
			isa = PBXGroup;
			children = (
				AFE651572BE0CC22008A5DC4 /* Module */,
				AFE6515C2BE0CC22008A5DC4 /* Feature */,
			);
			path = Shop;
			sourceTree = "<group>";
		};
		AFE651572BE0CC22008A5DC4 /* Module */ = {
			isa = PBXGroup;
			children = (
				AFE651582BE0CC22008A5DC4 /* ShopModule.h */,
				AFE651592BE0CC22008A5DC4 /* ShopBundle.m */,
				AFE6515A2BE0CC22008A5DC4 /* ShopModule.m */,
				AFE6515B2BE0CC22008A5DC4 /* ShopBundle.h */,
			);
			path = Module;
			sourceTree = "<group>";
		};
		AFE6515C2BE0CC22008A5DC4 /* Feature */ = {
			isa = PBXGroup;
			children = (
				AFE6515D2BE0CC22008A5DC4 /* ShopDetail */,
				AFE651602BE0CC22008A5DC4 /* ShopManager */,
			);
			path = Feature;
			sourceTree = "<group>";
		};
		AFE6515D2BE0CC22008A5DC4 /* ShopDetail */ = {
			isa = PBXGroup;
			children = (
				AFE6515E2BE0CC22008A5DC4 /* ShopDetailViewController.h */,
				AFE6515F2BE0CC22008A5DC4 /* ShopDetailViewController.m */,
			);
			path = ShopDetail;
			sourceTree = "<group>";
		};
		AFE651602BE0CC22008A5DC4 /* ShopManager */ = {
			isa = PBXGroup;
			children = (
				AFE651612BE0CC22008A5DC4 /* ShopManager.h */,
				AFE651622BE0CC22008A5DC4 /* ShopManager.m */,
			);
			path = ShopManager;
			sourceTree = "<group>";
		};
/* End PBXGroup section */

/* Begin PBXNativeTarget section */
		AFE6513F2BE0CBA5008A5DC4 /* Shop */ = {
			isa = PBXNativeTarget;
			buildConfigurationList = AFE651492BE0CBA5008A5DC4 /* Build configuration list for PBXNativeTarget "Shop" */;
			buildPhases = (
				AFE6513C2BE0CBA5008A5DC4 /* Sources */,
				AFE6513D2BE0CBA5008A5DC4 /* Frameworks */,
				AFE6513E2BE0CBA5008A5DC4 /* CopyFiles */,
			);
			buildRules = (
			);
			dependencies = (
			);
			name = Shop;
			productName = Shop;
			productReference = AFE651402BE0CBA5008A5DC4 /* libShop.a */;
			productType = "com.apple.product-type.library.static";
		};
/* End PBXNativeTarget section */

/* Begin PBXProject section */
		AFE651382BE0CBA5008A5DC4 /* Project object */ = {
			isa = PBXProject;
			attributes = {
				BuildIndependentTargetsInParallel = 1;
				LastUpgradeCheck = 1520;
				TargetAttributes = {
					AFE6513F2BE0CBA5008A5DC4 = {
						CreatedOnToolsVersion = 15.2;
					};
				};
			};
			buildConfigurationList = AFE6513B2BE0CBA5008A5DC4 /* Build configuration list for PBXProject "Shop" */;
			compatibilityVersion = "Xcode 14.0";
			developmentRegion = en;
			hasScannedForEncodings = 0;
			knownRegions = (
				en,
				Base,
			);
			mainGroup = AFE651372BE0CBA5008A5DC4;
			productRefGroup = AFE651412BE0CBA5008A5DC4 /* Products */;
			projectDirPath = "";
			projectRoot = "";
			targets = (
				AFE6513F2BE0CBA5008A5DC4 /* Shop */,
			);
		};
/* End PBXProject section */

/* Begin PBXSourcesBuildPhase section */
		AFE6513C2BE0CBA5008A5DC4 /* Sources */ = {
			isa = PBXSourcesBuildPhase;
			buildActionMask = 2147483647;
			files = (
				AFE651632BE0CC22008A5DC4 /* ShopBundle.m in Sources */,
				AFE651662BE0CC22008A5DC4 /* ShopManager.m in Sources */,
				AFE651642BE0CC22008A5DC4 /* ShopModule.m in Sources */,
				AFE651652BE0CC22008A5DC4 /* ShopDetailViewController.m in Sources */,
			);
			runOnlyForDeploymentPostprocessing = 0;
		};
/* End PBXSourcesBuildPhase section */

/* Begin XCBuildConfiguration section */
		AFE651472BE0CBA5008A5DC4 /* Debug */ = {
			isa = XCBuildConfiguration;
			buildSettings = {
				ALWAYS_SEARCH_USER_PATHS = NO;
				ASSETCATALOG_COMPILER_GENERATE_SWIFT_ASSET_SYMBOL_EXTENSIONS = YES;
				CLANG_ANALYZER_NONNULL = YES;
				CLANG_ANALYZER_NUMBER_OBJECT_CONVERSION = YES_AGGRESSIVE;
				CLANG_CXX_LANGUAGE_STANDARD = "gnu++20";
				CLANG_ENABLE_MODULES = YES;
				CLANG_ENABLE_OBJC_ARC = YES;
				CLANG_ENABLE_OBJC_WEAK = YES;
				CLANG_WARN_BLOCK_CAPTURE_AUTORELEASING = YES;
				CLANG_WARN_BOOL_CONVERSION = YES;
				CLANG_WARN_COMMA = YES;
				CLANG_WARN_CONSTANT_CONVERSION = YES;
				CLANG_WARN_DEPRECATED_OBJC_IMPLEMENTATIONS = YES;
				CLANG_WARN_DIRECT_OBJC_ISA_USAGE = YES_ERROR;
				CLANG_WARN_DOCUMENTATION_COMMENTS = YES;
				CLANG_WARN_EMPTY_BODY = YES;
				CLANG_WARN_ENUM_CONVERSION = YES;
				CLANG_WARN_INFINITE_RECURSION = YES;
				CLANG_WARN_INT_CONVERSION = YES;
				CLANG_WARN_NON_LITERAL_NULL_CONVERSION = YES;
				CLANG_WARN_OBJC_IMPLICIT_RETAIN_SELF = YES;
				CLANG_WARN_OBJC_LITERAL_CONVERSION = YES;
				CLANG_WARN_OBJC_ROOT_CLASS = YES_ERROR;
				CLANG_WARN_QUOTED_INCLUDE_IN_FRAMEWORK_HEADER = YES;
				CLANG_WARN_RANGE_LOOP_ANALYSIS = YES;
				CLANG_WARN_STRICT_PROTOTYPES = YES;
				CLANG_WARN_SUSPICIOUS_MOVE = YES;
				CLANG_WARN_UNGUARDED_AVAILABILITY = YES_AGGRESSIVE;
				CLANG_WARN_UNREACHABLE_CODE = YES;
				CLANG_WARN__DUPLICATE_METHOD_MATCH = YES;
				COPY_PHASE_STRIP = NO;
				DEBUG_INFORMATION_FORMAT = dwarf;
				ENABLE_STRICT_OBJC_MSGSEND = YES;
				ENABLE_TESTABILITY = YES;
				ENABLE_USER_SCRIPT_SANDBOXING = YES;
				GCC_C_LANGUAGE_STANDARD = gnu17;
				GCC_DYNAMIC_NO_PIC = NO;
				GCC_NO_COMMON_BLOCKS = YES;
				GCC_OPTIMIZATION_LEVEL = 0;
				GCC_PREPROCESSOR_DEFINITIONS = (
					"DEBUG=1",
					"$(inherited)",
				);
				GCC_WARN_64_TO_32_BIT_CONVERSION = YES;
				GCC_WARN_ABOUT_RETURN_TYPE = YES_ERROR;
				GCC_WARN_UNDECLARED_SELECTOR = YES;
				GCC_WARN_UNINITIALIZED_AUTOS = YES_AGGRESSIVE;
				GCC_WARN_UNUSED_FUNCTION = YES;
				GCC_WARN_UNUSED_VARIABLE = YES;
				IPHONEOS_DEPLOYMENT_TARGET = 17.2;
				LOCALIZATION_PREFERS_STRING_CATALOGS = YES;
				MTL_ENABLE_DEBUG_INFO = INCLUDE_SOURCE;
				MTL_FAST_MATH = YES;
				ONLY_ACTIVE_ARCH = YES;
				SDKROOT = iphoneos;
			};
			name = Debug;
		};
		AFE651482BE0CBA5008A5DC4 /* Release */ = {
			isa = XCBuildConfiguration;
			buildSettings = {
				ALWAYS_SEARCH_USER_PATHS = NO;
				ASSETCATALOG_COMPILER_GENERATE_SWIFT_ASSET_SYMBOL_EXTENSIONS = YES;
				CLANG_ANALYZER_NONNULL = YES;
				CLANG_ANALYZER_NUMBER_OBJECT_CONVERSION = YES_AGGRESSIVE;
				CLANG_CXX_LANGUAGE_STANDARD = "gnu++20";
				CLANG_ENABLE_MODULES = YES;
				CLANG_ENABLE_OBJC_ARC = YES;
				CLANG_ENABLE_OBJC_WEAK = YES;
				CLANG_WARN_BLOCK_CAPTURE_AUTORELEASING = YES;
				CLANG_WARN_BOOL_CONVERSION = YES;
				CLANG_WARN_COMMA = YES;
				CLANG_WARN_CONSTANT_CONVERSION = YES;
				CLANG_WARN_DEPRECATED_OBJC_IMPLEMENTATIONS = YES;
				CLANG_WARN_DIRECT_OBJC_ISA_USAGE = YES_ERROR;
				CLANG_WARN_DOCUMENTATION_COMMENTS = YES;
				CLANG_WARN_EMPTY_BODY = YES;
				CLANG_WARN_ENUM_CONVERSION = YES;
				CLANG_WARN_INFINITE_RECURSION = YES;
				CLANG_WARN_INT_CONVERSION = YES;
				CLANG_WARN_NON_LITERAL_NULL_CONVERSION = YES;
				CLANG_WARN_OBJC_IMPLICIT_RETAIN_SELF = YES;
				CLANG_WARN_OBJC_LITERAL_CONVERSION = YES;
				CLANG_WARN_OBJC_ROOT_CLASS = YES_ERROR;
				CLANG_WARN_QUOTED_INCLUDE_IN_FRAMEWORK_HEADER = YES;
				CLANG_WARN_RANGE_LOOP_ANALYSIS = YES;
				CLANG_WARN_STRICT_PROTOTYPES = YES;
				CLANG_WARN_SUSPICIOUS_MOVE = YES;
				CLANG_WARN_UNGUARDED_AVAILABILITY = YES_AGGRESSIVE;
				CLANG_WARN_UNREACHABLE_CODE = YES;
				CLANG_WARN__DUPLICATE_METHOD_MATCH = YES;
				COPY_PHASE_STRIP = NO;
				DEBUG_INFORMATION_FORMAT = "dwarf-with-dsym";
				ENABLE_NS_ASSERTIONS = NO;
				ENABLE_STRICT_OBJC_MSGSEND = YES;
				ENABLE_USER_SCRIPT_SANDBOXING = YES;
				GCC_C_LANGUAGE_STANDARD = gnu17;
				GCC_NO_COMMON_BLOCKS = YES;
				GCC_WARN_64_TO_32_BIT_CONVERSION = YES;
				GCC_WARN_ABOUT_RETURN_TYPE = YES_ERROR;
				GCC_WARN_UNDECLARED_SELECTOR = YES;
				GCC_WARN_UNINITIALIZED_AUTOS = YES_AGGRESSIVE;
				GCC_WARN_UNUSED_FUNCTION = YES;
				GCC_WARN_UNUSED_VARIABLE = YES;
				IPHONEOS_DEPLOYMENT_TARGET = 17.2;
				LOCALIZATION_PREFERS_STRING_CATALOGS = YES;
				MTL_ENABLE_DEBUG_INFO = NO;
				MTL_FAST_MATH = YES;
				SDKROOT = iphoneos;
				VALIDATE_PRODUCT = YES;
			};
			name = Release;
		};
		AFE6514A2BE0CBA5008A5DC4 /* Debug */ = {
			isa = XCBuildConfiguration;
			buildSettings = {
				CODE_SIGN_STYLE = Automatic;
				DEVELOPMENT_TEAM = 8392A5FS3K;
				OTHER_LDFLAGS = "-ObjC";
				PRODUCT_NAME = "$(TARGET_NAME)";
				SKIP_INSTALL = YES;
				TARGETED_DEVICE_FAMILY = "1,2";
			};
			name = Debug;
		};
		AFE6514B2BE0CBA5008A5DC4 /* Release */ = {
			isa = XCBuildConfiguration;
			buildSettings = {
				CODE_SIGN_STYLE = Automatic;
				DEVELOPMENT_TEAM = 8392A5FS3K;
				OTHER_LDFLAGS = "-ObjC";
				PRODUCT_NAME = "$(TARGET_NAME)";
				SKIP_INSTALL = YES;
				TARGETED_DEVICE_FAMILY = "1,2";
			};
			name = Release;
		};
/* End XCBuildConfiguration section */

/* Begin XCConfigurationList section */
		AFE6513B2BE0CBA5008A5DC4 /* Build configuration list for PBXProject "Shop" */ = {
			isa = XCConfigurationList;
			buildConfigurations = (
				AFE651472BE0CBA5008A5DC4 /* Debug */,
				AFE651482BE0CBA5008A5DC4 /* Release */,
			);
			defaultConfigurationIsVisible = 0;
			defaultConfigurationName = Release;
		};
		AFE651492BE0CBA5008A5DC4 /* Build configuration list for PBXNativeTarget "Shop" */ = {
			isa = XCConfigurationList;
			buildConfigurations = (
				AFE6514A2BE0CBA5008A5DC4 /* Debug */,
				AFE6514B2BE0CBA5008A5DC4 /* Release */,
			);
			defaultConfigurationIsVisible = 0;
			defaultConfigurationName = Release;
		};
/* End XCConfigurationList section */
	};
	rootObject = AFE651382BE0CBA5008A5DC4 /* Project object */;
}
