// !$*UTF8*$!
{
	archiveVersion = 1;
	classes = {
	};
	objectVersion = 56;
	objects = {

/* Begin PBXBuildFile section */
		9B577254680E1BC1C26F39B3 /* libPods-MainApp.a in Frameworks */ = {isa = PBXBuildFile; fileRef = EF401BCB66159505E22006F9 /* libPods-MainApp.a */; };
		AFE64FC72BD0FE2A008A5DC4 /* AppDelegate.m in Sources */ = {isa = PBXBuildFile; fileRef = AFE64FC62BD0FE2A008A5DC4 /* AppDelegate.m */; };
		AFE64FCA2BD0FE2A008A5DC4 /* SceneDelegate.m in Sources */ = {isa = PBXBuildFile; fileRef = AFE64FC92BD0FE2A008A5DC4 /* SceneDelegate.m */; };
		AFE64FCD2BD0FE2A008A5DC4 /* ViewController.m in Sources */ = {isa = PBXBuildFile; fileRef = AFE64FCC2BD0FE2A008A5DC4 /* ViewController.m */; };
		AFE64FD02BD0FE2A008A5DC4 /* Main.storyboard in Resources */ = {isa = PBXBuildFile; fileRef = AFE64FCE2BD0FE2A008A5DC4 /* Main.storyboard */; };
		AFE64FD22BD0FE2E008A5DC4 /* Assets.xcassets in Resources */ = {isa = PBXBuildFile; fileRef = AFE64FD12BD0FE2E008A5DC4 /* Assets.xcassets */; };
		AFE64FD52BD0FE2E008A5DC4 /* LaunchScreen.storyboard in Resources */ = {isa = PBXBuildFile; fileRef = AFE64FD32BD0FE2E008A5DC4 /* LaunchScreen.storyboard */; };
		AFE64FD82BD0FE2E008A5DC4 /* main.m in Sources */ = {isa = PBXBuildFile; fileRef = AFE64FD72BD0FE2E008A5DC4 /* main.m */; };
		AFE650932BDA3619008A5DC4 /* libCommon.a in Frameworks */ = {isa = PBXBuildFile; fileRef = AFE650482BD26320008A5DC4 /* libCommon.a */; };
/* End PBXBuildFile section */

/* Begin PBXContainerItemProxy section */
		AFE6507C2BD26BA1008A5DC4 /* PBXContainerItemProxy */ = {
			isa = PBXContainerItemProxy;
			containerPortal = AFE650782BD26BA1008A5DC4 /* TestModuleA.xcodeproj */;
			proxyType = 2;
			remoteGlobalIDString = AFE6506C2BD26B58008A5DC4;
			remoteInfo = TestModuleA;
		};
/* End PBXContainerItemProxy section */

/* Begin PBXFileReference section */
		3F6AC9DEB34683A5FF757075 /* Pods-MainApp.debug.xcconfig */ = {isa = PBXFileReference; includeInIndex = 1; lastKnownFileType = text.xcconfig; name = "Pods-MainApp.debug.xcconfig"; path = "Target Support Files/Pods-MainApp/Pods-MainApp.debug.xcconfig"; sourceTree = "<group>"; };
		A2CFB9662D8A627E8DB4BF9F /* Pods-MainApp.release.xcconfig */ = {isa = PBXFileReference; includeInIndex = 1; lastKnownFileType = text.xcconfig; name = "Pods-MainApp.release.xcconfig"; path = "Target Support Files/Pods-MainApp/Pods-MainApp.release.xcconfig"; sourceTree = "<group>"; };
		AFE64FC22BD0FE2A008A5DC4 /* MainApp.app */ = {isa = PBXFileReference; explicitFileType = wrapper.application; includeInIndex = 0; path = MainApp.app; sourceTree = BUILT_PRODUCTS_DIR; };
		AFE64FC52BD0FE2A008A5DC4 /* AppDelegate.h */ = {isa = PBXFileReference; lastKnownFileType = sourcecode.c.h; path = AppDelegate.h; sourceTree = "<group>"; };
		AFE64FC62BD0FE2A008A5DC4 /* AppDelegate.m */ = {isa = PBXFileReference; lastKnownFileType = sourcecode.c.objc; path = AppDelegate.m; sourceTree = "<group>"; };
		AFE64FC82BD0FE2A008A5DC4 /* SceneDelegate.h */ = {isa = PBXFileReference; lastKnownFileType = sourcecode.c.h; path = SceneDelegate.h; sourceTree = "<group>"; };
		AFE64FC92BD0FE2A008A5DC4 /* SceneDelegate.m */ = {isa = PBXFileReference; lastKnownFileType = sourcecode.c.objc; path = SceneDelegate.m; sourceTree = "<group>"; };
		AFE64FCB2BD0FE2A008A5DC4 /* ViewController.h */ = {isa = PBXFileReference; lastKnownFileType = sourcecode.c.h; path = ViewController.h; sourceTree = "<group>"; };
		AFE64FCC2BD0FE2A008A5DC4 /* ViewController.m */ = {isa = PBXFileReference; lastKnownFileType = sourcecode.c.objc; path = ViewController.m; sourceTree = "<group>"; };
		AFE64FCF2BD0FE2A008A5DC4 /* Base */ = {isa = PBXFileReference; lastKnownFileType = file.storyboard; name = Base; path = Base.lproj/Main.storyboard; sourceTree = "<group>"; };
		AFE64FD12BD0FE2E008A5DC4 /* Assets.xcassets */ = {isa = PBXFileReference; lastKnownFileType = folder.assetcatalog; path = Assets.xcassets; sourceTree = "<group>"; };
		AFE64FD42BD0FE2E008A5DC4 /* Base */ = {isa = PBXFileReference; lastKnownFileType = file.storyboard; name = Base; path = Base.lproj/LaunchScreen.storyboard; sourceTree = "<group>"; };
		AFE64FD62BD0FE2E008A5DC4 /* Info.plist */ = {isa = PBXFileReference; lastKnownFileType = text.plist.xml; path = Info.plist; sourceTree = "<group>"; };
		AFE64FD72BD0FE2E008A5DC4 /* main.m */ = {isa = PBXFileReference; lastKnownFileType = sourcecode.c.objc; path = main.m; sourceTree = "<group>"; };
		AFE650482BD26320008A5DC4 /* libCommon.a */ = {isa = PBXFileReference; explicitFileType = archive.ar; path = libCommon.a; sourceTree = BUILT_PRODUCTS_DIR; };
		AFE650612BD26A8A008A5DC4 /* libMediator.a */ = {isa = PBXFileReference; explicitFileType = archive.ar; path = libMediator.a; sourceTree = BUILT_PRODUCTS_DIR; };
		AFE650782BD26BA1008A5DC4 /* TestModuleA.xcodeproj */ = {isa = PBXFileReference; lastKnownFileType = "wrapper.pb-project"; name = TestModuleA.xcodeproj; path = ../Modules/TestModuleA/TestModuleA.xcodeproj; sourceTree = "<group>"; };
		EF401BCB66159505E22006F9 /* libPods-MainApp.a */ = {isa = PBXFileReference; explicitFileType = archive.ar; includeInIndex = 0; path = "libPods-MainApp.a"; sourceTree = BUILT_PRODUCTS_DIR; };
/* End PBXFileReference section */

/* Begin PBXFrameworksBuildPhase section */
		AFE64FBF2BD0FE2A008A5DC4 /* Frameworks */ = {
			isa = PBXFrameworksBuildPhase;
			buildActionMask = 2147483647;
			files = (
				AFE650932BDA3619008A5DC4 /* libCommon.a in Frameworks */,
				9B577254680E1BC1C26F39B3 /* libPods-MainApp.a in Frameworks */,
			);
			runOnlyForDeploymentPostprocessing = 0;
		};
/* End PBXFrameworksBuildPhase section */

/* Begin PBXGroup section */
		AFE64FB92BD0FE2A008A5DC4 = {
			isa = PBXGroup;
			children = (
				AFE650782BD26BA1008A5DC4 /* TestModuleA.xcodeproj */,
				AFE64FC42BD0FE2A008A5DC4 /* MainApp */,
				AFE64FC32BD0FE2A008A5DC4 /* Products */,
				C4B3F201EE3FF2D79F23C6C8 /* Pods */,
				E6DAD1FA8466610323D4DCA7 /* Frameworks */,
			);
			sourceTree = "<group>";
		};
		AFE64FC32BD0FE2A008A5DC4 /* Products */ = {
			isa = PBXGroup;
			children = (
				AFE64FC22BD0FE2A008A5DC4 /* MainApp.app */,
			);
			name = Products;
			sourceTree = "<group>";
		};
		AFE64FC42BD0FE2A008A5DC4 /* MainApp */ = {
			isa = PBXGroup;
			children = (
				AFE64FC52BD0FE2A008A5DC4 /* AppDelegate.h */,
				AFE64FC62BD0FE2A008A5DC4 /* AppDelegate.m */,
				AFE64FC82BD0FE2A008A5DC4 /* SceneDelegate.h */,
				AFE64FC92BD0FE2A008A5DC4 /* SceneDelegate.m */,
				AFE64FCB2BD0FE2A008A5DC4 /* ViewController.h */,
				AFE64FCC2BD0FE2A008A5DC4 /* ViewController.m */,
				AFE64FCE2BD0FE2A008A5DC4 /* Main.storyboard */,
				AFE64FD12BD0FE2E008A5DC4 /* Assets.xcassets */,
				AFE64FD32BD0FE2E008A5DC4 /* LaunchScreen.storyboard */,
				AFE64FD62BD0FE2E008A5DC4 /* Info.plist */,
				AFE64FD72BD0FE2E008A5DC4 /* main.m */,
			);
			path = MainApp;
			sourceTree = "<group>";
		};
		AFE650792BD26BA1008A5DC4 /* Products */ = {
			isa = PBXGroup;
			children = (
				AFE6507D2BD26BA1008A5DC4 /* libTestModuleA.a */,
			);
			name = Products;
			sourceTree = "<group>";
		};
		C4B3F201EE3FF2D79F23C6C8 /* Pods */ = {
			isa = PBXGroup;
			children = (
				3F6AC9DEB34683A5FF757075 /* Pods-MainApp.debug.xcconfig */,
				A2CFB9662D8A627E8DB4BF9F /* Pods-MainApp.release.xcconfig */,
			);
			name = Pods;
			path = ../Pods;
			sourceTree = "<group>";
		};
		E6DAD1FA8466610323D4DCA7 /* Frameworks */ = {
			isa = PBXGroup;
			children = (
				AFE650612BD26A8A008A5DC4 /* libMediator.a */,
				AFE650482BD26320008A5DC4 /* libCommon.a */,
				EF401BCB66159505E22006F9 /* libPods-MainApp.a */,
			);
			name = Frameworks;
			sourceTree = "<group>";
		};
/* End PBXGroup section */

/* Begin PBXNativeTarget section */
		AFE64FC12BD0FE2A008A5DC4 /* MainApp */ = {
			isa = PBXNativeTarget;
			buildConfigurationList = AFE64FDB2BD0FE2E008A5DC4 /* Build configuration list for PBXNativeTarget "MainApp" */;
			buildPhases = (
				DEFF9A84749C3D3F9E042928 /* [CP] Check Pods Manifest.lock */,
				AFE64FBE2BD0FE2A008A5DC4 /* Sources */,
				AFE64FBF2BD0FE2A008A5DC4 /* Frameworks */,
				AFE64FC02BD0FE2A008A5DC4 /* Resources */,
			);
			buildRules = (
			);
			dependencies = (
			);
			name = MainApp;
			productName = MainApp;
			productReference = AFE64FC22BD0FE2A008A5DC4 /* MainApp.app */;
			productType = "com.apple.product-type.application";
		};
/* End PBXNativeTarget section */

/* Begin PBXProject section */
		AFE64FBA2BD0FE2A008A5DC4 /* Project object */ = {
			isa = PBXProject;
			attributes = {
				BuildIndependentTargetsInParallel = 1;
				LastUpgradeCheck = 1520;
				TargetAttributes = {
					AFE64FC12BD0FE2A008A5DC4 = {
						CreatedOnToolsVersion = 15.2;
					};
				};
			};
			buildConfigurationList = AFE64FBD2BD0FE2A008A5DC4 /* Build configuration list for PBXProject "MainApp" */;
			compatibilityVersion = "Xcode 14.0";
			developmentRegion = en;
			hasScannedForEncodings = 0;
			knownRegions = (
				en,
				Base,
			);
			mainGroup = AFE64FB92BD0FE2A008A5DC4;
			productRefGroup = AFE64FC32BD0FE2A008A5DC4 /* Products */;
			projectDirPath = "";
			projectReferences = (
				{
					ProductGroup = AFE650792BD26BA1008A5DC4 /* Products */;
					ProjectRef = AFE650782BD26BA1008A5DC4 /* TestModuleA.xcodeproj */;
				},
			);
			projectRoot = "";
			targets = (
				AFE64FC12BD0FE2A008A5DC4 /* MainApp */,
			);
		};
/* End PBXProject section */

/* Begin PBXReferenceProxy section */
		AFE6507D2BD26BA1008A5DC4 /* libTestModuleA.a */ = {
			isa = PBXReferenceProxy;
			fileType = archive.ar;
			path = libTestModuleA.a;
			remoteRef = AFE6507C2BD26BA1008A5DC4 /* PBXContainerItemProxy */;
			sourceTree = BUILT_PRODUCTS_DIR;
		};
/* End PBXReferenceProxy section */

/* Begin PBXResourcesBuildPhase section */
		AFE64FC02BD0FE2A008A5DC4 /* Resources */ = {
			isa = PBXResourcesBuildPhase;
			buildActionMask = 2147483647;
			files = (
				AFE64FD52BD0FE2E008A5DC4 /* LaunchScreen.storyboard in Resources */,
				AFE64FD22BD0FE2E008A5DC4 /* Assets.xcassets in Resources */,
				AFE64FD02BD0FE2A008A5DC4 /* Main.storyboard in Resources */,
			);
			runOnlyForDeploymentPostprocessing = 0;
		};
/* End PBXResourcesBuildPhase section */

/* Begin PBXShellScriptBuildPhase section */
		DEFF9A84749C3D3F9E042928 /* [CP] Check Pods Manifest.lock */ = {
			isa = PBXShellScriptBuildPhase;
			buildActionMask = 2147483647;
			files = (
			);
			inputFileListPaths = (
			);
			inputPaths = (
				"${PODS_PODFILE_DIR_PATH}/Podfile.lock",
				"${PODS_ROOT}/Manifest.lock",
			);
			name = "[CP] Check Pods Manifest.lock";
			outputFileListPaths = (
			);
			outputPaths = (
				"$(DERIVED_FILE_DIR)/Pods-MainApp-checkManifestLockResult.txt",
			);
			runOnlyForDeploymentPostprocessing = 0;
			shellPath = /bin/sh;
			shellScript = "diff \"${PODS_PODFILE_DIR_PATH}/Podfile.lock\" \"${PODS_ROOT}/Manifest.lock\" > /dev/null\nif [ $? != 0 ] ; then\n    # print error to STDERR\n    echo \"error: The sandbox is not in sync with the Podfile.lock. Run 'pod install' or update your CocoaPods installation.\" >&2\n    exit 1\nfi\n# This output is used by Xcode 'outputs' to avoid re-running this script phase.\necho \"SUCCESS\" > \"${SCRIPT_OUTPUT_FILE_0}\"\n";
			showEnvVarsInLog = 0;
		};
/* End PBXShellScriptBuildPhase section */

/* Begin PBXSourcesBuildPhase section */
		AFE64FBE2BD0FE2A008A5DC4 /* Sources */ = {
			isa = PBXSourcesBuildPhase;
			buildActionMask = 2147483647;
			files = (
				AFE64FCD2BD0FE2A008A5DC4 /* ViewController.m in Sources */,
				AFE64FC72BD0FE2A008A5DC4 /* AppDelegate.m in Sources */,
				AFE64FD82BD0FE2E008A5DC4 /* main.m in Sources */,
				AFE64FCA2BD0FE2A008A5DC4 /* SceneDelegate.m in Sources */,
			);
			runOnlyForDeploymentPostprocessing = 0;
		};
/* End PBXSourcesBuildPhase section */

/* Begin PBXVariantGroup section */
		AFE64FCE2BD0FE2A008A5DC4 /* Main.storyboard */ = {
			isa = PBXVariantGroup;
			children = (
				AFE64FCF2BD0FE2A008A5DC4 /* Base */,
			);
			name = Main.storyboard;
			sourceTree = "<group>";
		};
		AFE64FD32BD0FE2E008A5DC4 /* LaunchScreen.storyboard */ = {
			isa = PBXVariantGroup;
			children = (
				AFE64FD42BD0FE2E008A5DC4 /* Base */,
			);
			name = LaunchScreen.storyboard;
			sourceTree = "<group>";
		};
/* End PBXVariantGroup section */

/* Begin XCBuildConfiguration section */
		AFE64FD92BD0FE2E008A5DC4 /* Debug */ = {
			isa = XCBuildConfiguration;
			buildSettings = {
				ALWAYS_SEARCH_USER_PATHS = NO;
				ASSETCATALOG_COMPILER_GENERATE_SWIFT_ASSET_SYMBOL_EXTENSIONS = YES;
				CLANG_ANALYZER_NONNULL = YES;
				CLANG_ANALYZER_NUMBER_OBJECT_CONVERSION = YES_AGGRESSIVE;
				CLANG_CXX_LANGUAGE_STANDARD = "gnu++20";
				CLANG_ENABLE_MODULES = YES;
				CLANG_ENABLE_OBJC_ARC = YES;
				CLANG_ENABLE_OBJC_WEAK = YES;
				CLANG_WARN_BLOCK_CAPTURE_AUTORELEASING = YES;
				CLANG_WARN_BOOL_CONVERSION = YES;
				CLANG_WARN_COMMA = YES;
				CLANG_WARN_CONSTANT_CONVERSION = YES;
				CLANG_WARN_DEPRECATED_OBJC_IMPLEMENTATIONS = YES;
				CLANG_WARN_DIRECT_OBJC_ISA_USAGE = YES_ERROR;
				CLANG_WARN_DOCUMENTATION_COMMENTS = YES;
				CLANG_WARN_EMPTY_BODY = YES;
				CLANG_WARN_ENUM_CONVERSION = YES;
				CLANG_WARN_INFINITE_RECURSION = YES;
				CLANG_WARN_INT_CONVERSION = YES;
				CLANG_WARN_NON_LITERAL_NULL_CONVERSION = YES;
				CLANG_WARN_OBJC_IMPLICIT_RETAIN_SELF = YES;
				CLANG_WARN_OBJC_LITERAL_CONVERSION = YES;
				CLANG_WARN_OBJC_ROOT_CLASS = YES_ERROR;
				CLANG_WARN_QUOTED_INCLUDE_IN_FRAMEWORK_HEADER = YES;
				CLANG_WARN_RANGE_LOOP_ANALYSIS = YES;
				CLANG_WARN_STRICT_PROTOTYPES = YES;
				CLANG_WARN_SUSPICIOUS_MOVE = YES;
				CLANG_WARN_UNGUARDED_AVAILABILITY = YES_AGGRESSIVE;
				CLANG_WARN_UNREACHABLE_CODE = YES;
				CLANG_WARN__DUPLICATE_METHOD_MATCH = YES;
				COPY_PHASE_STRIP = NO;
				DEBUG_INFORMATION_FORMAT = dwarf;
				ENABLE_STRICT_OBJC_MSGSEND = YES;
				ENABLE_TESTABILITY = YES;
				ENABLE_USER_SCRIPT_SANDBOXING = YES;
				GCC_C_LANGUAGE_STANDARD = gnu17;
				GCC_DYNAMIC_NO_PIC = NO;
				GCC_NO_COMMON_BLOCKS = YES;
				GCC_OPTIMIZATION_LEVEL = 0;
				GCC_PREPROCESSOR_DEFINITIONS = (
					"DEBUG=1",
					"$(inherited)",
				);
				GCC_WARN_64_TO_32_BIT_CONVERSION = YES;
				GCC_WARN_ABOUT_RETURN_TYPE = YES_ERROR;
				GCC_WARN_UNDECLARED_SELECTOR = YES;
				GCC_WARN_UNINITIALIZED_AUTOS = YES_AGGRESSIVE;
				GCC_WARN_UNUSED_FUNCTION = YES;
				GCC_WARN_UNUSED_VARIABLE = YES;
				IPHONEOS_DEPLOYMENT_TARGET = 17.2;
				LOCALIZATION_PREFERS_STRING_CATALOGS = YES;
				MTL_ENABLE_DEBUG_INFO = INCLUDE_SOURCE;
				MTL_FAST_MATH = YES;
				ONLY_ACTIVE_ARCH = YES;
				SDKROOT = iphoneos;
			};
			name = Debug;
		};
		AFE64FDA2BD0FE2E008A5DC4 /* Release */ = {
			isa = XCBuildConfiguration;
			buildSettings = {
				ALWAYS_SEARCH_USER_PATHS = NO;
				ASSETCATALOG_COMPILER_GENERATE_SWIFT_ASSET_SYMBOL_EXTENSIONS = YES;
				CLANG_ANALYZER_NONNULL = YES;
				CLANG_ANALYZER_NUMBER_OBJECT_CONVERSION = YES_AGGRESSIVE;
				CLANG_CXX_LANGUAGE_STANDARD = "gnu++20";
				CLANG_ENABLE_MODULES = YES;
				CLANG_ENABLE_OBJC_ARC = YES;
				CLANG_ENABLE_OBJC_WEAK = YES;
				CLANG_WARN_BLOCK_CAPTURE_AUTORELEASING = YES;
				CLANG_WARN_BOOL_CONVERSION = YES;
				CLANG_WARN_COMMA = YES;
				CLANG_WARN_CONSTANT_CONVERSION = YES;
				CLANG_WARN_DEPRECATED_OBJC_IMPLEMENTATIONS = YES;
				CLANG_WARN_DIRECT_OBJC_ISA_USAGE = YES_ERROR;
				CLANG_WARN_DOCUMENTATION_COMMENTS = YES;
				CLANG_WARN_EMPTY_BODY = YES;
				CLANG_WARN_ENUM_CONVERSION = YES;
				CLANG_WARN_INFINITE_RECURSION = YES;
				CLANG_WARN_INT_CONVERSION = YES;
				CLANG_WARN_NON_LITERAL_NULL_CONVERSION = YES;
				CLANG_WARN_OBJC_IMPLICIT_RETAIN_SELF = YES;
				CLANG_WARN_OBJC_LITERAL_CONVERSION = YES;
				CLANG_WARN_OBJC_ROOT_CLASS = YES_ERROR;
				CLANG_WARN_QUOTED_INCLUDE_IN_FRAMEWORK_HEADER = YES;
				CLANG_WARN_RANGE_LOOP_ANALYSIS = YES;
				CLANG_WARN_STRICT_PROTOTYPES = YES;
				CLANG_WARN_SUSPICIOUS_MOVE = YES;
				CLANG_WARN_UNGUARDED_AVAILABILITY = YES_AGGRESSIVE;
				CLANG_WARN_UNREACHABLE_CODE = YES;
				CLANG_WARN__DUPLICATE_METHOD_MATCH = YES;
				COPY_PHASE_STRIP = NO;
				DEBUG_INFORMATION_FORMAT = "dwarf-with-dsym";
				ENABLE_NS_ASSERTIONS = NO;
				ENABLE_STRICT_OBJC_MSGSEND = YES;
				ENABLE_USER_SCRIPT_SANDBOXING = YES;
				GCC_C_LANGUAGE_STANDARD = gnu17;
				GCC_NO_COMMON_BLOCKS = YES;
				GCC_WARN_64_TO_32_BIT_CONVERSION = YES;
				GCC_WARN_ABOUT_RETURN_TYPE = YES_ERROR;
				GCC_WARN_UNDECLARED_SELECTOR = YES;
				GCC_WARN_UNINITIALIZED_AUTOS = YES_AGGRESSIVE;
				GCC_WARN_UNUSED_FUNCTION = YES;
				GCC_WARN_UNUSED_VARIABLE = YES;
				IPHONEOS_DEPLOYMENT_TARGET = 17.2;
				LOCALIZATION_PREFERS_STRING_CATALOGS = YES;
				MTL_ENABLE_DEBUG_INFO = NO;
				MTL_FAST_MATH = YES;
				SDKROOT = iphoneos;
				VALIDATE_PRODUCT = YES;
			};
			name = Release;
		};
		AFE64FDC2BD0FE2E008A5DC4 /* Debug */ = {
			isa = XCBuildConfiguration;
			baseConfigurationReference = 3F6AC9DEB34683A5FF757075 /* Pods-MainApp.debug.xcconfig */;
			buildSettings = {
				ASSETCATALOG_COMPILER_APPICON_NAME = AppIcon;
				ASSETCATALOG_COMPILER_GLOBAL_ACCENT_COLOR_NAME = AccentColor;
				CODE_SIGN_STYLE = Automatic;
				CURRENT_PROJECT_VERSION = 1;
				DEVELOPMENT_TEAM = 8392A5FS3K;
				GENERATE_INFOPLIST_FILE = YES;
				INFOPLIST_FILE = MainApp/Info.plist;
				INFOPLIST_KEY_UIApplicationSupportsIndirectInputEvents = YES;
				INFOPLIST_KEY_UILaunchStoryboardName = LaunchScreen;
				INFOPLIST_KEY_UIMainStoryboardFile = Main;
				INFOPLIST_KEY_UISupportedInterfaceOrientations = UIInterfaceOrientationPortrait;
				INFOPLIST_KEY_UISupportedInterfaceOrientations_iPad = "UIInterfaceOrientationLandscapeLeft UIInterfaceOrientationLandscapeRight UIInterfaceOrientationPortrait UIInterfaceOrientationPortraitUpsideDown";
				IPHONEOS_DEPLOYMENT_TARGET = 15.0;
				LD_RUNPATH_SEARCH_PATHS = (
					"$(inherited)",
					"@executable_path/Frameworks",
				);
				LIBRARY_SEARCH_PATHS = "$(inherited)";
				MARKETING_VERSION = 1.0;
				PRODUCT_BUNDLE_IDENTIFIER = sunao.MainApp;
				PRODUCT_NAME = "$(TARGET_NAME)";
				SUPPORTED_PLATFORMS = "iphoneos iphonesimulator";
				SUPPORTS_MACCATALYST = NO;
				SUPPORTS_MAC_DESIGNED_FOR_IPHONE_IPAD = NO;
				SUPPORTS_XR_DESIGNED_FOR_IPHONE_IPAD = NO;
				SWIFT_EMIT_LOC_STRINGS = YES;
				TARGETED_DEVICE_FAMILY = 1;
			};
			name = Debug;
		};
		AFE64FDD2BD0FE2E008A5DC4 /* Release */ = {
			isa = XCBuildConfiguration;
			baseConfigurationReference = A2CFB9662D8A627E8DB4BF9F /* Pods-MainApp.release.xcconfig */;
			buildSettings = {
				ASSETCATALOG_COMPILER_APPICON_NAME = AppIcon;
				ASSETCATALOG_COMPILER_GLOBAL_ACCENT_COLOR_NAME = AccentColor;
				CODE_SIGN_STYLE = Automatic;
				CURRENT_PROJECT_VERSION = 1;
				DEVELOPMENT_TEAM = 8392A5FS3K;
				GENERATE_INFOPLIST_FILE = YES;
				INFOPLIST_FILE = MainApp/Info.plist;
				INFOPLIST_KEY_UIApplicationSupportsIndirectInputEvents = YES;
				INFOPLIST_KEY_UILaunchStoryboardName = LaunchScreen;
				INFOPLIST_KEY_UIMainStoryboardFile = Main;
				INFOPLIST_KEY_UISupportedInterfaceOrientations = UIInterfaceOrientationPortrait;
				INFOPLIST_KEY_UISupportedInterfaceOrientations_iPad = "UIInterfaceOrientationLandscapeLeft UIInterfaceOrientationLandscapeRight UIInterfaceOrientationPortrait UIInterfaceOrientationPortraitUpsideDown";
				IPHONEOS_DEPLOYMENT_TARGET = 15.0;
				LD_RUNPATH_SEARCH_PATHS = (
					"$(inherited)",
					"@executable_path/Frameworks",
				);
				LIBRARY_SEARCH_PATHS = "$(inherited)";
				MARKETING_VERSION = 1.0;
				PRODUCT_BUNDLE_IDENTIFIER = sunao.MainApp;
				PRODUCT_NAME = "$(TARGET_NAME)";
				SUPPORTED_PLATFORMS = "iphoneos iphonesimulator";
				SUPPORTS_MACCATALYST = NO;
				SUPPORTS_MAC_DESIGNED_FOR_IPHONE_IPAD = NO;
				SUPPORTS_XR_DESIGNED_FOR_IPHONE_IPAD = NO;
				SWIFT_EMIT_LOC_STRINGS = YES;
				TARGETED_DEVICE_FAMILY = 1;
			};
			name = Release;
		};
/* End XCBuildConfiguration section */

/* Begin XCConfigurationList section */
		AFE64FBD2BD0FE2A008A5DC4 /* Build configuration list for PBXProject "MainApp" */ = {
			isa = XCConfigurationList;
			buildConfigurations = (
				AFE64FD92BD0FE2E008A5DC4 /* Debug */,
				AFE64FDA2BD0FE2E008A5DC4 /* Release */,
			);
			defaultConfigurationIsVisible = 0;
			defaultConfigurationName = Release;
		};
		AFE64FDB2BD0FE2E008A5DC4 /* Build configuration list for PBXNativeTarget "MainApp" */ = {
			isa = XCConfigurationList;
			buildConfigurations = (
				AFE64FDC2BD0FE2E008A5DC4 /* Debug */,
				AFE64FDD2BD0FE2E008A5DC4 /* Release */,
			);
			defaultConfigurationIsVisible = 0;
			defaultConfigurationName = Release;
		};
/* End XCConfigurationList section */
	};
	rootObject = AFE64FBA2BD0FE2A008A5DC4 /* Project object */;
}
